// !$*UTF8*$!
{
	archiveVersion = 1;
	classes = {
	};
	objectVersion = 77;
	objects = {

/* Begin PBXBuildFile section */
		CC8F22942D11B3A000F4A0F9 /* tango01.xcdatamodeld in Sources */ = {isa = PBXBuildFile; fileRef = CC8F22922D11B3A000F4A0F9 /* tango01.xcdatamodeld */; };
/* End PBXBuildFile section */

/* Begin PBXContainerItemProxy section */
		CCC49EA62D05CBCB0013AA7F /* PBXContainerItemProxy */ = {
			isa = PBXContainerItemProxy;
			containerPortal = CCC49E8D2D05CBCA0013AA7F /* Project object */;
			proxyType = 1;
			remoteGlobalIDString = CCC49E942D05CBCA0013AA7F;
			remoteInfo = tango01;
		};
		CCC49EB02D05CBCB0013AA7F /* PBXContainerItemProxy */ = {
			isa = PBXContainerItemProxy;
			containerPortal = CCC49E8D2D05CBCA0013AA7F /* Project object */;
			proxyType = 1;
			remoteGlobalIDString = CCC49E942D05CBCA0013AA7F;
			remoteInfo = tango01;
		};
/* End PBXContainerItemProxy section */

/* Begin PBXFileReference section */
		CC8F22932D11B3A000F4A0F9 /* tango01.xcdatamodel */ = {isa = PBXFileReference; lastKnownFileType = wrapper.xcdatamodel; path = tango01.xcdatamodel; sourceTree = "<group>"; };
		CCC49E952D05CBCA0013AA7F /* tango01.app */ = {isa = PBXFileReference; explicitFileType = wrapper.application; includeInIndex = 0; path = tango01.app; sourceTree = BUILT_PRODUCTS_DIR; };
		CCC49EA52D05CBCB0013AA7F /* tango01Tests.xctest */ = {isa = PBXFileReference; explicitFileType = wrapper.cfbundle; includeInIndex = 0; path = tango01Tests.xctest; sourceTree = BUILT_PRODUCTS_DIR; };
		CCC49EAF2D05CBCB0013AA7F /* tango01UITests.xctest */ = {isa = PBXFileReference; explicitFileType = wrapper.cfbundle; includeInIndex = 0; path = tango01UITests.xctest; sourceTree = BUILT_PRODUCTS_DIR; };
/* End PBXFileReference section */

/* Begin PBXFileSystemSynchronizedRootGroup section */
		CCC49E972D05CBCA0013AA7F /* tango01 */ = {
			isa = PBXFileSystemSynchronizedRootGroup;
			path = tango01;
			sourceTree = "<group>";
		};
		CCC49EA82D05CBCB0013AA7F /* tango01Tests */ = {
			isa = PBXFileSystemSynchronizedRootGroup;
			path = tango01Tests;
			sourceTree = "<group>";
		};
		CCC49EB22D05CBCB0013AA7F /* tango01UITests */ = {
			isa = PBXFileSystemSynchronizedRootGroup;
			path = tango01UITests;
			sourceTree = "<group>";
		};
/* End PBXFileSystemSynchronizedRootGroup section */

/* Begin PBXFrameworksBuildPhase section */
		CCC49E922D05CBCA0013AA7F /* Frameworks */ = {
			isa = PBXFrameworksBuildPhase;
			buildActionMask = 2147483647;
			files = (
			);
			runOnlyForDeploymentPostprocessing = 0;
		};
		CCC49EA22D05CBCB0013AA7F /* Frameworks */ = {
			isa = PBXFrameworksBuildPhase;
			buildActionMask = 2147483647;
			files = (
			);
			runOnlyForDeploymentPostprocessing = 0;
		};
		CCC49EAC2D05CBCB0013AA7F /* Frameworks */ = {
			isa = PBXFrameworksBuildPhase;
			buildActionMask = 2147483647;
			files = (
			);
			runOnlyForDeploymentPostprocessing = 0;
		};
/* End PBXFrameworksBuildPhase section */

/* Begin PBXGroup section */
		CCC49E8C2D05CBCA0013AA7F = {
			isa = PBXGroup;
			children = (
				CC8F22922D11B3A000F4A0F9 /* tango01.xcdatamodeld */,
				CCC49E972D05CBCA0013AA7F /* tango01 */,
				CCC49EA82D05CBCB0013AA7F /* tango01Tests */,
				CCC49EB22D05CBCB0013AA7F /* tango01UITests */,
				CCC49E962D05CBCA0013AA7F /* Products */,
			);
			sourceTree = "<group>";
		};
		CCC49E962D05CBCA0013AA7F /* Products */ = {
			isa = PBXGroup;
			children = (
				CCC49E952D05CBCA0013AA7F /* tango01.app */,
				CCC49EA52D05CBCB0013AA7F /* tango01Tests.xctest */,
				CCC49EAF2D05CBCB0013AA7F /* tango01UITests.xctest */,
			);
			name = Products;
			sourceTree = "<group>";
		};
/* End PBXGroup section */

/* Begin PBXNativeTarget section */
		CCC49E942D05CBCA0013AA7F /* tango01 */ = {
			isa = PBXNativeTarget;
			buildConfigurationList = CCC49EB92D05CBCB0013AA7F /* Build configuration list for PBXNativeTarget "tango01" */;
			buildPhases = (
				CCC49E912D05CBCA0013AA7F /* Sources */,
				CCC49E922D05CBCA0013AA7F /* Frameworks */,
				CCC49E932D05CBCA0013AA7F /* Resources */,
			);
			buildRules = (
			);
			dependencies = (
			);
			fileSystemSynchronizedGroups = (
				CCC49E972D05CBCA0013AA7F /* tango01 */,
			);
			name = tango01;
			packageProductDependencies = (
			);
			productName = tango01;
			productReference = CCC49E952D05CBCA0013AA7F /* tango01.app */;
			productType = "com.apple.product-type.application";
		};
		CCC49EA42D05CBCB0013AA7F /* tango01Tests */ = {
			isa = PBXNativeTarget;
			buildConfigurationList = CCC49EBC2D05CBCB0013AA7F /* Build configuration list for PBXNativeTarget "tango01Tests" */;
			buildPhases = (
				CCC49EA12D05CBCB0013AA7F /* Sources */,
				CCC49EA22D05CBCB0013AA7F /* Frameworks */,
				CCC49EA32D05CBCB0013AA7F /* Resources */,
			);
			buildRules = (
			);
			dependencies = (
				CCC49EA72D05CBCB0013AA7F /* PBXTargetDependency */,
			);
			fileSystemSynchronizedGroups = (
				CCC49EA82D05CBCB0013AA7F /* tango01Tests */,
			);
			name = tango01Tests;
			packageProductDependencies = (
			);
			productName = tango01Tests;
			productReference = CCC49EA52D05CBCB0013AA7F /* tango01Tests.xctest */;
			productType = "com.apple.product-type.bundle.unit-test";
		};
		CCC49EAE2D05CBCB0013AA7F /* tango01UITests */ = {
			isa = PBXNativeTarget;
			buildConfigurationList = CCC49EBF2D05CBCB0013AA7F /* Build configuration list for PBXNativeTarget "tango01UITests" */;
			buildPhases = (
				CCC49EAB2D05CBCB0013AA7F /* Sources */,
				CCC49EAC2D05CBCB0013AA7F /* Frameworks */,
				CCC49EAD2D05CBCB0013AA7F /* Resources */,
			);
			buildRules = (
			);
			dependencies = (
				CCC49EB12D05CBCB0013AA7F /* PBXTargetDependency */,
			);
			fileSystemSynchronizedGroups = (
				CCC49EB22D05CBCB0013AA7F /* tango01UITests */,
			);
			name = tango01UITests;
			packageProductDependencies = (
			);
			productName = tango01UITests;
			productReference = CCC49EAF2D05CBCB0013AA7F /* tango01UITests.xctest */;
			productType = "com.apple.product-type.bundle.ui-testing";
		};
/* End PBXNativeTarget section */

/* Begin PBXProject section */
		CCC49E8D2D05CBCA0013AA7F /* Project object */ = {
			isa = PBXProject;
			attributes = {
				BuildIndependentTargetsInParallel = 1;
				LastSwiftUpdateCheck = 1610;
				LastUpgradeCheck = 1610;
				TargetAttributes = {
					CCC49E942D05CBCA0013AA7F = {
						CreatedOnToolsVersion = 16.1;
					};
					CCC49EA42D05CBCB0013AA7F = {
						CreatedOnToolsVersion = 16.1;
						TestTargetID = CCC49E942D05CBCA0013AA7F;
					};
					CCC49EAE2D05CBCB0013AA7F = {
						CreatedOnToolsVersion = 16.1;
						TestTargetID = CCC49E942D05CBCA0013AA7F;
					};
				};
			};
			buildConfigurationList = CCC49E902D05CBCA0013AA7F /* Build configuration list for PBXProject "tango01" */;
			developmentRegion = en;
			hasScannedForEncodings = 0;
			knownRegions = (
				en,
				Base,
			);
			mainGroup = CCC49E8C2D05CBCA0013AA7F;
			minimizedProjectReferenceProxies = 1;
			preferredProjectObjectVersion = 77;
			productRefGroup = CCC49E962D05CBCA0013AA7F /* Products */;
			projectDirPath = "";
			projectRoot = "";
			targets = (
				CCC49E942D05CBCA0013AA7F /* tango01 */,
				CCC49EA42D05CBCB0013AA7F /* tango01Tests */,
				CCC49EAE2D05CBCB0013AA7F /* tango01UITests */,
			);
		};
/* End PBXProject section */

/* Begin PBXResourcesBuildPhase section */
		CCC49E932D05CBCA0013AA7F /* Resources */ = {
			isa = PBXResourcesBuildPhase;
			buildActionMask = 2147483647;
			files = (
			);
			runOnlyForDeploymentPostprocessing = 0;
		};
		CCC49EA32D05CBCB0013AA7F /* Resources */ = {
			isa = PBXResourcesBuildPhase;
			buildActionMask = 2147483647;
			files = (
			);
			runOnlyForDeploymentPostprocessing = 0;
		};
		CCC49EAD2D05CBCB0013AA7F /* Resources */ = {
			isa = PBXResourcesBuildPhase;
			buildActionMask = 2147483647;
			files = (
			);
			runOnlyForDeploymentPostprocessing = 0;
		};
/* End PBXResourcesBuildPhase section */

/* Begin PBXSourcesBuildPhase section */
		CCC49E912D05CBCA0013AA7F /* Sources */ = {
			isa = PBXSourcesBuildPhase;
			buildActionMask = 2147483647;
			files = (
				CC8F22942D11B3A000F4A0F9 /* tango01.xcdatamodeld in Sources */,
			);
			runOnlyForDeploymentPostprocessing = 0;
		};
		CCC49EA12D05CBCB0013AA7F /* Sources */ = {
			isa = PBXSourcesBuildPhase;
			buildActionMask = 2147483647;
			files = (
			);
			runOnlyForDeploymentPostprocessing = 0;
		};
		CCC49EAB2D05CBCB0013AA7F /* Sources */ = {
			isa = PBXSourcesBuildPhase;
			buildActionMask = 2147483647;
			files = (
			);
			runOnlyForDeploymentPostprocessing = 0;
		};
/* End PBXSourcesBuildPhase section */

/* Begin PBXTargetDependency section */
		CCC49EA72D05CBCB0013AA7F /* PBXTargetDependency */ = {
			isa = PBXTargetDependency;
			target = CCC49E942D05CBCA0013AA7F /* tango01 */;
			targetProxy = CCC49EA62D05CBCB0013AA7F /* PBXContainerItemProxy */;
		};
		CCC49EB12D05CBCB0013AA7F /* PBXTargetDependency */ = {
			isa = PBXTargetDependency;
			target = CCC49E942D05CBCA0013AA7F /* tango01 */;
			targetProxy = CCC49EB02D05CBCB0013AA7F /* PBXContainerItemProxy */;
		};
/* End PBXTargetDependency section */

/* Begin XCBuildConfiguration section */
		CCC49EB72D05CBCB0013AA7F /* Debug */ = {
			isa = XCBuildConfiguration;
			buildSettings = {
				ALWAYS_SEARCH_USER_PATHS = NO;
				ASSETCATALOG_COMPILER_GENERATE_SWIFT_ASSET_SYMBOL_EXTENSIONS = YES;
				CLANG_ANALYZER_NONNULL = YES;
				CLANG_ANALYZER_NUMBER_OBJECT_CONVERSION = YES_AGGRESSIVE;
				CLANG_CXX_LANGUAGE_STANDARD = "gnu++20";
				CLANG_ENABLE_MODULES = YES;
				CLANG_ENABLE_OBJC_ARC = YES;
				CLANG_ENABLE_OBJC_WEAK = YES;
				CLANG_WARN_BLOCK_CAPTURE_AUTORELEASING = YES;
				CLANG_WARN_BOOL_CONVERSION = YES;
				CLANG_WARN_COMMA = YES;
				CLANG_WARN_CONSTANT_CONVERSION = YES;
				CLANG_WARN_DEPRECATED_OBJC_IMPLEMENTATIONS = YES;
				CLANG_WARN_DIRECT_OBJC_ISA_USAGE = YES_ERROR;
				CLANG_WARN_DOCUMENTATION_COMMENTS = YES;
				CLANG_WARN_EMPTY_BODY = YES;
				CLANG_WARN_ENUM_CONVERSION = YES;
				CLANG_WARN_INFINITE_RECURSION = YES;
				CLANG_WARN_INT_CONVERSION = YES;
				CLANG_WARN_NON_LITERAL_NULL_CONVERSION = YES;
				CLANG_WARN_OBJC_IMPLICIT_RETAIN_SELF = YES;
				CLANG_WARN_OBJC_LITERAL_CONVERSION = YES;
				CLANG_WARN_OBJC_ROOT_CLASS = YES_ERROR;
				CLANG_WARN_QUOTED_INCLUDE_IN_FRAMEWORK_HEADER = YES;
				CLANG_WARN_RANGE_LOOP_ANALYSIS = YES;
				CLANG_WARN_STRICT_PROTOTYPES = YES;
				CLANG_WARN_SUSPICIOUS_MOVE = YES;
				CLANG_WARN_UNGUARDED_AVAILABILITY = YES_AGGRESSIVE;
				CLANG_WARN_UNREACHABLE_CODE = YES;
				CLANG_WARN__DUPLICATE_METHOD_MATCH = YES;
				COPY_PHASE_STRIP = NO;
				DEBUG_INFORMATION_FORMAT = dwarf;
				ENABLE_STRICT_OBJC_MSGSEND = YES;
				ENABLE_TESTABILITY = YES;
				ENABLE_USER_SCRIPT_SANDBOXING = YES;
				GCC_C_LANGUAGE_STANDARD = gnu17;
				GCC_DYNAMIC_NO_PIC = NO;
				GCC_NO_COMMON_BLOCKS = YES;
				GCC_OPTIMIZATION_LEVEL = 0;
				GCC_PREPROCESSOR_DEFINITIONS = (
					"DEBUG=1",
					"$(inherited)",
				);
				GCC_WARN_64_TO_32_BIT_CONVERSION = YES;
				GCC_WARN_ABOUT_RETURN_TYPE = YES_ERROR;
				GCC_WARN_UNDECLARED_SELECTOR = YES;
				GCC_WARN_UNINITIALIZED_AUTOS = YES_AGGRESSIVE;
				GCC_WARN_UNUSED_FUNCTION = YES;
				GCC_WARN_UNUSED_VARIABLE = YES;
				IPHONEOS_DEPLOYMENT_TARGET = 18.1;
				LOCALIZATION_PREFERS_STRING_CATALOGS = YES;
				MTL_ENABLE_DEBUG_INFO = INCLUDE_SOURCE;
				MTL_FAST_MATH = YES;
				ONLY_ACTIVE_ARCH = YES;
				SDKROOT = iphoneos;
				SWIFT_ACTIVE_COMPILATION_CONDITIONS = "DEBUG $(inherited)";
				SWIFT_OPTIMIZATION_LEVEL = "-Onone";
			};
			name = Debug;
		};
		CCC49EB82D05CBCB0013AA7F /* Release */ = {
			isa = XCBuildConfiguration;
			buildSettings = {
				ALWAYS_SEARCH_USER_PATHS = NO;
				ASSETCATALOG_COMPILER_GENERATE_SWIFT_ASSET_SYMBOL_EXTENSIONS = YES;
				CLANG_ANALYZER_NONNULL = YES;
				CLANG_ANALYZER_NUMBER_OBJECT_CONVERSION = YES_AGGRESSIVE;
				CLANG_CXX_LANGUAGE_STANDARD = "gnu++20";
				CLANG_ENABLE_MODULES = YES;
				CLANG_ENABLE_OBJC_ARC = YES;
				CLANG_ENABLE_OBJC_WEAK = YES;
				CLANG_WARN_BLOCK_CAPTURE_AUTORELEASING = YES;
				CLANG_WARN_BOOL_CONVERSION = YES;
				CLANG_WARN_COMMA = YES;
				CLANG_WARN_CONSTANT_CONVERSION = YES;
				CLANG_WARN_DEPRECATED_OBJC_IMPLEMENTATIONS = YES;
				CLANG_WARN_DIRECT_OBJC_ISA_USAGE = YES_ERROR;
				CLANG_WARN_DOCUMENTATION_COMMENTS = YES;
				CLANG_WARN_EMPTY_BODY = YES;
				CLANG_WARN_ENUM_CONVERSION = YES;
				CLANG_WARN_INFINITE_RECURSION = YES;
				CLANG_WARN_INT_CONVERSION = YES;
				CLANG_WARN_NON_LITERAL_NULL_CONVERSION = YES;
				CLANG_WARN_OBJC_IMPLICIT_RETAIN_SELF = YES;
				CLANG_WARN_OBJC_LITERAL_CONVERSION = YES;
				CLANG_WARN_OBJC_ROOT_CLASS = YES_ERROR;
				CLANG_WARN_QUOTED_INCLUDE_IN_FRAMEWORK_HEADER = YES;
				CLANG_WARN_RANGE_LOOP_ANALYSIS = YES;
				CLANG_WARN_STRICT_PROTOTYPES = YES;
				CLANG_WARN_SUSPICIOUS_MOVE = YES;
				CLANG_WARN_UNGUARDED_AVAILABILITY = YES_AGGRESSIVE;
				CLANG_WARN_UNREACHABLE_CODE = YES;
				CLANG_WARN__DUPLICATE_METHOD_MATCH = YES;
				COPY_PHASE_STRIP = NO;
				DEBUG_INFORMATION_FORMAT = "dwarf-with-dsym";
				ENABLE_NS_ASSERTIONS = NO;
				ENABLE_STRICT_OBJC_MSGSEND = YES;
				ENABLE_USER_SCRIPT_SANDBOXING = YES;
				GCC_C_LANGUAGE_STANDARD = gnu17;
				GCC_NO_COMMON_BLOCKS = YES;
				GCC_WARN_64_TO_32_BIT_CONVERSION = YES;
				GCC_WARN_ABOUT_RETURN_TYPE = YES_ERROR;
				GCC_WARN_UNDECLARED_SELECTOR = YES;
				GCC_WARN_UNINITIALIZED_AUTOS = YES_AGGRESSIVE;
				GCC_WARN_UNUSED_FUNCTION = YES;
				GCC_WARN_UNUSED_VARIABLE = YES;
				IPHONEOS_DEPLOYMENT_TARGET = 18.1;
				LOCALIZATION_PREFERS_STRING_CATALOGS = YES;
				MTL_ENABLE_DEBUG_INFO = NO;
				MTL_FAST_MATH = YES;
				SDKROOT = iphoneos;
				SWIFT_COMPILATION_MODE = wholemodule;
				VALIDATE_PRODUCT = YES;
			};
			name = Release;
		};
		CCC49EBA2D05CBCB0013AA7F /* Debug */ = {
			isa = XCBuildConfiguration;
			buildSettings = {
				ASSETCATALOG_COMPILER_APPICON_NAME = AppIcon;
				ASSETCATALOG_COMPILER_GLOBAL_ACCENT_COLOR_NAME = AccentColor;
				CODE_SIGN_STYLE = Automatic;
				CURRENT_PROJECT_VERSION = 1;
				DEVELOPMENT_ASSET_PATHS = "\"tango01/Preview Content\"";
				ENABLE_PREVIEWS = YES;
				GENERATE_INFOPLIST_FILE = YES;
				INFOPLIST_KEY_UIApplicationSceneManifest_Generation = YES;
				INFOPLIST_KEY_UIApplicationSupportsIndirectInputEvents = YES;
				INFOPLIST_KEY_UILaunchScreen_Generation = YES;
				INFOPLIST_KEY_UISupportedInterfaceOrientations_iPad = "UIInterfaceOrientationPortrait UIInterfaceOrientationPortraitUpsideDown UIInterfaceOrientationLandscapeLeft UIInterfaceOrientationLandscapeRight";
				INFOPLIST_KEY_UISupportedInterfaceOrientations_iPhone = "UIInterfaceOrientationPortrait UIInterfaceOrientationLandscapeLeft UIInterfaceOrientationLandscapeRight";
				LD_RUNPATH_SEARCH_PATHS = (
					"$(inherited)",
					"@executable_path/Frameworks",
				);
				MARKETING_VERSION = 1.0;
				PRODUCT_BUNDLE_IDENTIFIER = com.tofu05.tango01;
				PRODUCT_NAME = "$(TARGET_NAME)";
				SWIFT_EMIT_LOC_STRINGS = YES;
				SWIFT_VERSION = 5.0;
				TARGETED_DEVICE_FAMILY = "1,2";
			};
			name = Debug;
		};
		CCC49EBB2D05CBCB0013AA7F /* Release */ = {
			isa = XCBuildConfiguration;
			buildSettings = {
				ASSETCATALOG_COMPILER_APPICON_NAME = AppIcon;
				ASSETCATALOG_COMPILER_GLOBAL_ACCENT_COLOR_NAME = AccentColor;
				CODE_SIGN_STYLE = Automatic;
				CURRENT_PROJECT_VERSION = 1;
				DEVELOPMENT_ASSET_PATHS = "\"tango01/Preview Content\"";
				ENABLE_PREVIEWS = YES;
				GENERATE_INFOPLIST_FILE = YES;
				INFOPLIST_KEY_UIApplicationSceneManifest_Generation = YES;
				INFOPLIST_KEY_UIApplicationSupportsIndirectInputEvents = YES;
				INFOPLIST_KEY_UILaunchScreen_Generation = YES;
				INFOPLIST_KEY_UISupportedInterfaceOrientations_iPad = "UIInterfaceOrientationPortrait UIInterfaceOrientationPortraitUpsideDown UIInterfaceOrientationLandscapeLeft UIInterfaceOrientationLandscapeRight";
				INFOPLIST_KEY_UISupportedInterfaceOrientations_iPhone = "UIInterfaceOrientationPortrait UIInterfaceOrientationLandscapeLeft UIInterfaceOrientationLandscapeRight";
				LD_RUNPATH_SEARCH_PATHS = (
					"$(inherited)",
					"@executable_path/Frameworks",
				);
				MARKETING_VERSION = 1.0;
				PRODUCT_BUNDLE_IDENTIFIER = com.tofu05.tango01;
				PRODUCT_NAME = "$(TARGET_NAME)";
				SWIFT_EMIT_LOC_STRINGS = YES;
				SWIFT_VERSION = 5.0;
				TARGETED_DEVICE_FAMILY = "1,2";
			};
			name = Release;
		};
		CCC49EBD2D05CBCB0013AA7F /* Debug */ = {
			isa = XCBuildConfiguration;
			buildSettings = {
				BUNDLE_LOADER = "$(TEST_HOST)";
				CODE_SIGN_STYLE = Automatic;
				CURRENT_PROJECT_VERSION = 1;
				GENERATE_INFOPLIST_FILE = YES;
				IPHONEOS_DEPLOYMENT_TARGET = 18.1;
				MARKETING_VERSION = 1.0;
				PRODUCT_BUNDLE_IDENTIFIER = com.tofu05.tango01Tests;
				PRODUCT_NAME = "$(TARGET_NAME)";
				SWIFT_EMIT_LOC_STRINGS = NO;
				SWIFT_VERSION = 5.0;
				TARGETED_DEVICE_FAMILY = "1,2";
				TEST_HOST = "$(BUILT_PRODUCTS_DIR)/tango01.app/$(BUNDLE_EXECUTABLE_FOLDER_PATH)/tango01";
			};
			name = Debug;
		};
		CCC49EBE2D05CBCB0013AA7F /* Release */ = {
			isa = XCBuildConfiguration;
			buildSettings = {
				BUNDLE_LOADER = "$(TEST_HOST)";
				CODE_SIGN_STYLE = Automatic;
				CURRENT_PROJECT_VERSION = 1;
				GENERATE_INFOPLIST_FILE = YES;
				IPHONEOS_DEPLOYMENT_TARGET = 18.1;
				MARKETING_VERSION = 1.0;
				PRODUCT_BUNDLE_IDENTIFIER = com.tofu05.tango01Tests;
				PRODUCT_NAME = "$(TARGET_NAME)";
				SWIFT_EMIT_LOC_STRINGS = NO;
				SWIFT_VERSION = 5.0;
				TARGETED_DEVICE_FAMILY = "1,2";
				TEST_HOST = "$(BUILT_PRODUCTS_DIR)/tango01.app/$(BUNDLE_EXECUTABLE_FOLDER_PATH)/tango01";
			};
			name = Release;
		};
		CCC49EC02D05CBCB0013AA7F /* Debug */ = {
			isa = XCBuildConfiguration;
			buildSettings = {
				CODE_SIGN_STYLE = Automatic;
				CURRENT_PROJECT_VERSION = 1;
				GENERATE_INFOPLIST_FILE = YES;
				MARKETING_VERSION = 1.0;
				PRODUCT_BUNDLE_IDENTIFIER = com.tofu05.tango01UITests;
				PRODUCT_NAME = "$(TARGET_NAME)";
				SWIFT_EMIT_LOC_STRINGS = NO;
				SWIFT_VERSION = 5.0;
				TARGETED_DEVICE_FAMILY = "1,2";
				TEST_TARGET_NAME = tango01;
			};
			name = Debug;
		};
		CCC49EC12D05CBCB0013AA7F /* Release */ = {
			isa = XCBuildConfiguration;
			buildSettings = {
				CODE_SIGN_STYLE = Automatic;
				CURRENT_PROJECT_VERSION = 1;
				GENERATE_INFOPLIST_FILE = YES;
				MARKETING_VERSION = 1.0;
				PRODUCT_BUNDLE_IDENTIFIER = com.tofu05.tango01UITests;
				PRODUCT_NAME = "$(TARGET_NAME)";
				SWIFT_EMIT_LOC_STRINGS = NO;
				SWIFT_VERSION = 5.0;
				TARGETED_DEVICE_FAMILY = "1,2";
				TEST_TARGET_NAME = tango01;
			};
			name = Release;
		};
/* End XCBuildConfiguration section */

/* Begin XCConfigurationList section */
		CCC49E902D05CBCA0013AA7F /* Build configuration list for PBXProject "tango01" */ = {
			isa = XCConfigurationList;
			buildConfigurations = (
				CCC49EB72D05CBCB0013AA7F /* Debug */,
				CCC49EB82D05CBCB0013AA7F /* Release */,
			);
			defaultConfigurationIsVisible = 0;
			defaultConfigurationName = Release;
		};
		CCC49EB92D05CBCB0013AA7F /* Build configuration list for PBXNativeTarget "tango01" */ = {
			isa = XCConfigurationList;
			buildConfigurations = (
				CCC49EBA2D05CBCB0013AA7F /* Debug */,
				CCC49EBB2D05CBCB0013AA7F /* Release */,
			);
			defaultConfigurationIsVisible = 0;
			defaultConfigurationName = Release;
		};
		CCC49EBC2D05CBCB0013AA7F /* Build configuration list for PBXNativeTarget "tango01Tests" */ = {
			isa = XCConfigurationList;
			buildConfigurations = (
				CCC49EBD2D05CBCB0013AA7F /* Debug */,
				CCC49EBE2D05CBCB0013AA7F /* Release */,
			);
			defaultConfigurationIsVisible = 0;
			defaultConfigurationName = Release;
		};
		CCC49EBF2D05CBCB0013AA7F /* Build configuration list for PBXNativeTarget "tango01UITests" */ = {
			isa = XCConfigurationList;
			buildConfigurations = (
				CCC49EC02D05CBCB0013AA7F /* Debug */,
				CCC49EC12D05CBCB0013AA7F /* Release */,
			);
			defaultConfigurationIsVisible = 0;
			defaultConfigurationName = Release;
		};
/* End XCConfigurationList section */

/* Begin XCVersionGroup section */
		CC8F22922D11B3A000F4A0F9 /* tango01.xcdatamodeld */ = {
			isa = XCVersionGroup;
			children = (
				CC8F22932D11B3A000F4A0F9 /* tango01.xcdatamodel */,
			);
			currentVersion = CC8F22932D11B3A000F4A0F9 /* tango01.xcdatamodel */;
			path = tango01.xcdatamodeld;
			sourceTree = "<group>";
			versionGroupType = wrapper.xcdatamodel;
		};
/* End XCVersionGroup section */
	};
	rootObject = CCC49E8D2D05CBCA0013AA7F /* Project object */;
}
